
Microsoft Visual Studio Solution File, Format Version 12.00
# Visual Studio Version 16
VisualStudioVersion = 16.0.29418.71
MinimumVisualStudioVersion = 10.0.40219.1
Project("{FAE04EC0-301F-11D3-BF4B-00C04F79EFBC}") = "StackAndQueue", "StackAndQueue\StackAndQueue.csproj", "{FA6ADEB2-8122-4712-A908-2C0D749AD67E}"
EndProject
Global
	GlobalSection(SolutionConfigurationPlatforms) = preSolution
		Debug|Any CPU = Debug|Any CPU
		Release|Any CPU = Release|Any CPU
	EndGlobalSection
	GlobalSection(ProjectConfigurationPlatforms) = postSolution
		{FA6ADEB2-8122-4712-A908-2C0D749AD67E}.Debug|Any CPU.ActiveCfg = Debug|Any CPU
		{FA6ADEB2-8122-4712-A908-2C0D749AD67E}.Debug|Any CPU.Build.0 = Debug|Any CPU
		{FA6ADEB2-8122-4712-A908-2C0D749AD67E}.Release|Any CPU.ActiveCfg = Release|Any CPU
		{FA6ADEB2-8122-4712-A908-2C0D749AD67E}.Release|Any CPU.Build.0 = Release|Any CPU
	EndGlobalSection
	GlobalSection(SolutionProperties) = preSolution
		HideSolutionNode = FALSE
	EndGlobalSection
	GlobalSection(ExtensibilityGlobals) = postSolution
		SolutionGuid = {F15AFCDD-F532-43AD-BD29-3615B5102593}
	EndGlobalSection
EndGlobal
